
Microsoft Visual Studio Solution File, Format Version 12.00
# Visual Studio Version 16
VisualStudioVersion = 16.0.31605.320
MinimumVisualStudioVersion = 10.0.40219.1
Project("{FAE04EC0-301F-11D3-BF4B-00C04F79EFBC}") = "Tic-Tac-Toe", "Tic-Tac-Toe\Tic-Tac-Toe.csproj", "{0A923B4D-5611-463D-8194-0752B3D66400}"
EndProject
Global
	GlobalSection(SolutionConfigurationPlatforms) = preSolution
		Debug|Any CPU = Debug|Any CPU
		Release|Any CPU = Release|Any CPU
	EndGlobalSection
	GlobalSection(ProjectConfigurationPlatforms) = postSolution
		{0A923B4D-5611-463D-8194-0752B3D66400}.Debug|Any CPU.ActiveCfg = Debug|Any CPU
		{0A923B4D-5611-463D-8194-0752B3D66400}.Debug|Any CPU.Build.0 = Debug|Any CPU
		{0A923B4D-5611-463D-8194-0752B3D66400}.Release|Any CPU.ActiveCfg = Release|Any CPU
		{0A923B4D-5611-463D-8194-0752B3D66400}.Release|Any CPU.Build.0 = Release|Any CPU
	EndGlobalSection
	GlobalSection(SolutionProperties) = preSolution
		HideSolutionNode = FALSE
	EndGlobalSection
	GlobalSection(ExtensibilityGlobals) = postSolution
		SolutionGuid = {6CDAE5D3-1131-43C4-848B-F486AB76D316}
	EndGlobalSection
EndGlobal
